
Microsoft Visual Studio Solution File, Format Version 12.00
# Visual Studio Version 16
VisualStudioVersion = 16.0.31019.35
MinimumVisualStudioVersion = 10.0.40219.1
Project("{9A19103F-16F7-4668-BE54-9A1E7A4F7556}") = "ProceedToBuyService", "ProceedToBuyService\ProceedToBuyService.csproj", "{CABDE253-F756-49E4-B5BD-3BE30DE8805A}"
EndProject
Project("{9A19103F-16F7-4668-BE54-9A1E7A4F7556}") = "ProceedToBuyLibrary", "ProceedToBuyLibrary\ProceedToBuyLibrary.csproj", "{F92B18BB-A332-4644-AEE8-5EA10B5867F1}"
EndProject
Global
	GlobalSection(SolutionConfigurationPlatforms) = preSolution
		Debug|Any CPU = Debug|Any CPU
		Release|Any CPU = Release|Any CPU
	EndGlobalSection
	GlobalSection(ProjectConfigurationPlatforms) = postSolution
		{CABDE253-F756-49E4-B5BD-3BE30DE8805A}.Debug|Any CPU.ActiveCfg = Debug|Any CPU
		{CABDE253-F756-49E4-B5BD-3BE30DE8805A}.Debug|Any CPU.Build.0 = Debug|Any CPU
		{CABDE253-F756-49E4-B5BD-3BE30DE8805A}.Release|Any CPU.ActiveCfg = Release|Any CPU
		{CABDE253-F756-49E4-B5BD-3BE30DE8805A}.Release|Any CPU.Build.0 = Release|Any CPU
		{F92B18BB-A332-4644-AEE8-5EA10B5867F1}.Debug|Any CPU.ActiveCfg = Debug|Any CPU
		{F92B18BB-A332-4644-AEE8-5EA10B5867F1}.Debug|Any CPU.Build.0 = Debug|Any CPU
		{F92B18BB-A332-4644-AEE8-5EA10B5867F1}.Release|Any CPU.ActiveCfg = Release|Any CPU
		{F92B18BB-A332-4644-AEE8-5EA10B5867F1}.Release|Any CPU.Build.0 = Release|Any CPU
	EndGlobalSection
	GlobalSection(SolutionProperties) = preSolution
		HideSolutionNode = FALSE
	EndGlobalSection
	GlobalSection(ExtensibilityGlobals) = postSolution
		SolutionGuid = {F13C195B-825D-4B37-8AC4-9236B01035ED}
	EndGlobalSection
EndGlobal
