
Microsoft Visual Studio Solution File, Format Version 12.00
# Visual Studio Version 16
VisualStudioVersion = 16.0.31019.35
MinimumVisualStudioVersion = 10.0.40219.1
Project("{9A19103F-16F7-4668-BE54-9A1E7A4F7556}") = "VendorService", "VendorService\VendorService.csproj", "{DF77FC67-3D28-4229-82CE-129A3B78F376}"
EndProject
Project("{9A19103F-16F7-4668-BE54-9A1E7A4F7556}") = "VendorServiceRepository", "VendorServiceRepository\VendorServiceRepository.csproj", "{5C5862AA-0F6E-402B-8B01-4E897C99163E}"
EndProject
Global
	GlobalSection(SolutionConfigurationPlatforms) = preSolution
		Debug|Any CPU = Debug|Any CPU
		Release|Any CPU = Release|Any CPU
	EndGlobalSection
	GlobalSection(ProjectConfigurationPlatforms) = postSolution
		{DF77FC67-3D28-4229-82CE-129A3B78F376}.Debug|Any CPU.ActiveCfg = Debug|Any CPU
		{DF77FC67-3D28-4229-82CE-129A3B78F376}.Debug|Any CPU.Build.0 = Debug|Any CPU
		{DF77FC67-3D28-4229-82CE-129A3B78F376}.Release|Any CPU.ActiveCfg = Release|Any CPU
		{DF77FC67-3D28-4229-82CE-129A3B78F376}.Release|Any CPU.Build.0 = Release|Any CPU
		{5C5862AA-0F6E-402B-8B01-4E897C99163E}.Debug|Any CPU.ActiveCfg = Debug|Any CPU
		{5C5862AA-0F6E-402B-8B01-4E897C99163E}.Debug|Any CPU.Build.0 = Debug|Any CPU
		{5C5862AA-0F6E-402B-8B01-4E897C99163E}.Release|Any CPU.ActiveCfg = Release|Any CPU
		{5C5862AA-0F6E-402B-8B01-4E897C99163E}.Release|Any CPU.Build.0 = Release|Any CPU
	EndGlobalSection
	GlobalSection(SolutionProperties) = preSolution
		HideSolutionNode = FALSE
	EndGlobalSection
	GlobalSection(ExtensibilityGlobals) = postSolution
		SolutionGuid = {341F8B15-5C7D-4177-938C-AAB790EED4C1}
	EndGlobalSection
EndGlobal
